
Microsoft Visual Studio Solution File, Format Version 12.00
# Visual Studio 15
VisualStudioVersion = 15.0.25920.0
MinimumVisualStudioVersion = 10.0.40219.1
Project("{FAE04EC0-301F-11D3-BF4B-00C04F79EFBC}") = "day01", "day01\day01.csproj", "{DC603435-F055-4339-BC9C-7E2FA5372E43}"
EndProject
Project("{FAE04EC0-301F-11D3-BF4B-00C04F79EFBC}") = "day02", "day02\day02.csproj", "{268BB85D-27F3-4304-B2C9-E5E80C70BD4B}"
EndProject
Project("{FAE04EC0-301F-11D3-BF4B-00C04F79EFBC}") = "day03", "day03\day03.csproj", "{61CA43C0-2491-497F-AE2C-50635B35FC20}"
EndProject
Project("{FAE04EC0-301F-11D3-BF4B-00C04F79EFBC}") = "day04", "day04\day04.csproj", "{B2A1203D-59BA-4C84-B383-D6E645277744}"
EndProject
Project("{FAE04EC0-301F-11D3-BF4B-00C04F79EFBC}") = "day05", "day05\day05.csproj", "{C7FA2022-390C-4F99-94FF-52038132C55B}"
EndProject
Project("{FAE04EC0-301F-11D3-BF4B-00C04F79EFBC}") = "UnitTests", "UnitTests\UnitTests.csproj", "{48E8BABD-2E1C-4F59-AFF0-1CEC9684B528}"
EndProject
Project("{FAE04EC0-301F-11D3-BF4B-00C04F79EFBC}") = "day06", "day06\day06.csproj", "{43D72CED-65A0-4E44-BE1A-B370046A9884}"
EndProject
Project("{FAE04EC0-301F-11D3-BF4B-00C04F79EFBC}") = "day07", "day07\day07.csproj", "{1823D3E3-3C5B-421E-9FFA-35A2361B2DB2}"
EndProject
Global
	GlobalSection(SolutionConfigurationPlatforms) = preSolution
		Debug|Any CPU = Debug|Any CPU
		Release|Any CPU = Release|Any CPU
	EndGlobalSection
	GlobalSection(ProjectConfigurationPlatforms) = postSolution
		{DC603435-F055-4339-BC9C-7E2FA5372E43}.Debug|Any CPU.ActiveCfg = Debug|Any CPU
		{DC603435-F055-4339-BC9C-7E2FA5372E43}.Debug|Any CPU.Build.0 = Debug|Any CPU
		{DC603435-F055-4339-BC9C-7E2FA5372E43}.Release|Any CPU.ActiveCfg = Release|Any CPU
		{DC603435-F055-4339-BC9C-7E2FA5372E43}.Release|Any CPU.Build.0 = Release|Any CPU
		{268BB85D-27F3-4304-B2C9-E5E80C70BD4B}.Debug|Any CPU.ActiveCfg = Debug|Any CPU
		{268BB85D-27F3-4304-B2C9-E5E80C70BD4B}.Debug|Any CPU.Build.0 = Debug|Any CPU
		{268BB85D-27F3-4304-B2C9-E5E80C70BD4B}.Release|Any CPU.ActiveCfg = Release|Any CPU
		{268BB85D-27F3-4304-B2C9-E5E80C70BD4B}.Release|Any CPU.Build.0 = Release|Any CPU
		{61CA43C0-2491-497F-AE2C-50635B35FC20}.Debug|Any CPU.ActiveCfg = Debug|Any CPU
		{61CA43C0-2491-497F-AE2C-50635B35FC20}.Debug|Any CPU.Build.0 = Debug|Any CPU
		{61CA43C0-2491-497F-AE2C-50635B35FC20}.Release|Any CPU.ActiveCfg = Release|Any CPU
		{61CA43C0-2491-497F-AE2C-50635B35FC20}.Release|Any CPU.Build.0 = Release|Any CPU
		{B2A1203D-59BA-4C84-B383-D6E645277744}.Debug|Any CPU.ActiveCfg = Debug|Any CPU
		{B2A1203D-59BA-4C84-B383-D6E645277744}.Debug|Any CPU.Build.0 = Debug|Any CPU
		{B2A1203D-59BA-4C84-B383-D6E645277744}.Release|Any CPU.ActiveCfg = Release|Any CPU
		{B2A1203D-59BA-4C84-B383-D6E645277744}.Release|Any CPU.Build.0 = Release|Any CPU
		{C7FA2022-390C-4F99-94FF-52038132C55B}.Debug|Any CPU.ActiveCfg = Debug|Any CPU
		{C7FA2022-390C-4F99-94FF-52038132C55B}.Debug|Any CPU.Build.0 = Debug|Any CPU
		{C7FA2022-390C-4F99-94FF-52038132C55B}.Release|Any CPU.ActiveCfg = Release|Any CPU
		{C7FA2022-390C-4F99-94FF-52038132C55B}.Release|Any CPU.Build.0 = Release|Any CPU
		{48E8BABD-2E1C-4F59-AFF0-1CEC9684B528}.Debug|Any CPU.ActiveCfg = Debug|Any CPU
		{48E8BABD-2E1C-4F59-AFF0-1CEC9684B528}.Debug|Any CPU.Build.0 = Debug|Any CPU
		{48E8BABD-2E1C-4F59-AFF0-1CEC9684B528}.Release|Any CPU.ActiveCfg = Release|Any CPU
		{48E8BABD-2E1C-4F59-AFF0-1CEC9684B528}.Release|Any CPU.Build.0 = Release|Any CPU
		{43D72CED-65A0-4E44-BE1A-B370046A9884}.Debug|Any CPU.ActiveCfg = Debug|Any CPU
		{43D72CED-65A0-4E44-BE1A-B370046A9884}.Debug|Any CPU.Build.0 = Debug|Any CPU
		{43D72CED-65A0-4E44-BE1A-B370046A9884}.Release|Any CPU.ActiveCfg = Release|Any CPU
		{43D72CED-65A0-4E44-BE1A-B370046A9884}.Release|Any CPU.Build.0 = Release|Any CPU
		{1823D3E3-3C5B-421E-9FFA-35A2361B2DB2}.Debug|Any CPU.ActiveCfg = Debug|Any CPU
		{1823D3E3-3C5B-421E-9FFA-35A2361B2DB2}.Debug|Any CPU.Build.0 = Debug|Any CPU
		{1823D3E3-3C5B-421E-9FFA-35A2361B2DB2}.Release|Any CPU.ActiveCfg = Release|Any CPU
		{1823D3E3-3C5B-421E-9FFA-35A2361B2DB2}.Release|Any CPU.Build.0 = Release|Any CPU
	EndGlobalSection
	GlobalSection(SolutionProperties) = preSolution
		HideSolutionNode = FALSE
	EndGlobalSection
EndGlobal
