
Microsoft Visual Studio Solution File, Format Version 12.00
# Visual Studio 15
VisualStudioVersion = 15.0.25920.0
MinimumVisualStudioVersion = 10.0.40219.1
Project("{FAE04EC0-301F-11D3-BF4B-00C04F79EFBC}") = "day01", "day01\day01.csproj", "{DC603435-F055-4339-BC9C-7E2FA5372E43}"
EndProject
Project("{FAE04EC0-301F-11D3-BF4B-00C04F79EFBC}") = "day02", "day02\day02.csproj", "{268BB85D-27F3-4304-B2C9-E5E80C70BD4B}"
EndProject
Global
	GlobalSection(SolutionConfigurationPlatforms) = preSolution
		Debug|Any CPU = Debug|Any CPU
		Release|Any CPU = Release|Any CPU
	EndGlobalSection
	GlobalSection(ProjectConfigurationPlatforms) = postSolution
		{DC603435-F055-4339-BC9C-7E2FA5372E43}.Debug|Any CPU.ActiveCfg = Debug|Any CPU
		{DC603435-F055-4339-BC9C-7E2FA5372E43}.Debug|Any CPU.Build.0 = Debug|Any CPU
		{DC603435-F055-4339-BC9C-7E2FA5372E43}.Release|Any CPU.ActiveCfg = Release|Any CPU
		{DC603435-F055-4339-BC9C-7E2FA5372E43}.Release|Any CPU.Build.0 = Release|Any CPU
		{268BB85D-27F3-4304-B2C9-E5E80C70BD4B}.Debug|Any CPU.ActiveCfg = Debug|Any CPU
		{268BB85D-27F3-4304-B2C9-E5E80C70BD4B}.Debug|Any CPU.Build.0 = Debug|Any CPU
		{268BB85D-27F3-4304-B2C9-E5E80C70BD4B}.Release|Any CPU.ActiveCfg = Release|Any CPU
		{268BB85D-27F3-4304-B2C9-E5E80C70BD4B}.Release|Any CPU.Build.0 = Release|Any CPU
	EndGlobalSection
	GlobalSection(SolutionProperties) = preSolution
		HideSolutionNode = FALSE
	EndGlobalSection
EndGlobal
