
Microsoft Visual Studio Solution File, Format Version 12.00
# Visual Studio 15
VisualStudioVersion = 15.0.27130.0
MinimumVisualStudioVersion = 10.0.40219.1
Project("{FAE04EC0-301F-11D3-BF4B-00C04F79EFBC}") = "day01", "day01\day01.csproj", "{DC603435-F055-4339-BC9C-7E2FA5372E43}"
EndProject
Project("{FAE04EC0-301F-11D3-BF4B-00C04F79EFBC}") = "day02", "day02\day02.csproj", "{268BB85D-27F3-4304-B2C9-E5E80C70BD4B}"
EndProject
Project("{FAE04EC0-301F-11D3-BF4B-00C04F79EFBC}") = "day03", "day03\day03.csproj", "{61CA43C0-2491-497F-AE2C-50635B35FC20}"
EndProject
Project("{FAE04EC0-301F-11D3-BF4B-00C04F79EFBC}") = "day04", "day04\day04.csproj", "{B2A1203D-59BA-4C84-B383-D6E645277744}"
EndProject
Project("{FAE04EC0-301F-11D3-BF4B-00C04F79EFBC}") = "day05", "day05\day05.csproj", "{C7FA2022-390C-4F99-94FF-52038132C55B}"
EndProject
Project("{FAE04EC0-301F-11D3-BF4B-00C04F79EFBC}") = "UnitTests", "UnitTests\UnitTests.csproj", "{48E8BABD-2E1C-4F59-AFF0-1CEC9684B528}"
EndProject
Project("{FAE04EC0-301F-11D3-BF4B-00C04F79EFBC}") = "day06", "day06\day06.csproj", "{43D72CED-65A0-4E44-BE1A-B370046A9884}"
EndProject
Project("{FAE04EC0-301F-11D3-BF4B-00C04F79EFBC}") = "day07", "day07\day07.csproj", "{1823D3E3-3C5B-421E-9FFA-35A2361B2DB2}"
EndProject
Project("{FAE04EC0-301F-11D3-BF4B-00C04F79EFBC}") = "day08", "Day08\day08.csproj", "{638B827E-FAFF-4B6C-AC6F-94B02A1AFB6B}"
EndProject
Project("{FAE04EC0-301F-11D3-BF4B-00C04F79EFBC}") = "day09", "day09\day09.csproj", "{72DA99AA-E228-4245-8AEF-381634B2E2EC}"
EndProject
Project("{FAE04EC0-301F-11D3-BF4B-00C04F79EFBC}") = "day10", "day10\day10.csproj", "{9DE03A02-8D1E-48A0-A55B-6A8A694C7F1F}"
EndProject
Project("{FAE04EC0-301F-11D3-BF4B-00C04F79EFBC}") = "day11", "day11\day11.csproj", "{EA383F7E-608E-4B13-A454-D6DC23CDD812}"
EndProject
Project("{FAE04EC0-301F-11D3-BF4B-00C04F79EFBC}") = "day12", "day12\day12.csproj", "{4E0DF21C-4B4C-4B37-B1B1-51C86526CFAD}"
EndProject
Project("{FAE04EC0-301F-11D3-BF4B-00C04F79EFBC}") = "day13", "day13\day13.csproj", "{F8093CD1-91BE-4ADD-8B84-D7C9CA839D39}"
EndProject
Project("{FAE04EC0-301F-11D3-BF4B-00C04F79EFBC}") = "day14", "day14\day14.csproj", "{C4472AE7-B8D9-4C54-ADF6-88ED91979E6A}"
EndProject
Project("{FAE04EC0-301F-11D3-BF4B-00C04F79EFBC}") = "day15", "day15\day15.csproj", "{6295658A-2988-4E2D-A7ED-73D4FFC2EB7A}"
EndProject
Project("{FAE04EC0-301F-11D3-BF4B-00C04F79EFBC}") = "day16", "day16\day16.csproj", "{B2E9B1E7-7D42-4BE7-A40F-CEAC6B5D399E}"
EndProject
Project("{FAE04EC0-301F-11D3-BF4B-00C04F79EFBC}") = "day17", "day17\day17.csproj", "{F20EF000-AE7A-447F-BDA4-FF8C61BBBCEC}"
EndProject
Project("{FAE04EC0-301F-11D3-BF4B-00C04F79EFBC}") = "day18", "day18\day18.csproj", "{AABE174E-1FD3-4D35-92AF-2F85DDDB8584}"
EndProject
Project("{FAE04EC0-301F-11D3-BF4B-00C04F79EFBC}") = "day19", "day19\day19.csproj", "{54CA1BC1-65A3-45C6-BF32-975314FCB1FB}"
EndProject
Project("{FAE04EC0-301F-11D3-BF4B-00C04F79EFBC}") = "day20", "day20\day20.csproj", "{8D977D34-43F7-49C8-A233-C1F9CF8E3CA2}"
EndProject
Global
	GlobalSection(SolutionConfigurationPlatforms) = preSolution
		Debug|Any CPU = Debug|Any CPU
		Release|Any CPU = Release|Any CPU
	EndGlobalSection
	GlobalSection(ProjectConfigurationPlatforms) = postSolution
		{DC603435-F055-4339-BC9C-7E2FA5372E43}.Debug|Any CPU.ActiveCfg = Debug|Any CPU
		{DC603435-F055-4339-BC9C-7E2FA5372E43}.Debug|Any CPU.Build.0 = Debug|Any CPU
		{DC603435-F055-4339-BC9C-7E2FA5372E43}.Release|Any CPU.ActiveCfg = Release|Any CPU
		{DC603435-F055-4339-BC9C-7E2FA5372E43}.Release|Any CPU.Build.0 = Release|Any CPU
		{268BB85D-27F3-4304-B2C9-E5E80C70BD4B}.Debug|Any CPU.ActiveCfg = Debug|Any CPU
		{268BB85D-27F3-4304-B2C9-E5E80C70BD4B}.Debug|Any CPU.Build.0 = Debug|Any CPU
		{268BB85D-27F3-4304-B2C9-E5E80C70BD4B}.Release|Any CPU.ActiveCfg = Release|Any CPU
		{268BB85D-27F3-4304-B2C9-E5E80C70BD4B}.Release|Any CPU.Build.0 = Release|Any CPU
		{61CA43C0-2491-497F-AE2C-50635B35FC20}.Debug|Any CPU.ActiveCfg = Debug|Any CPU
		{61CA43C0-2491-497F-AE2C-50635B35FC20}.Debug|Any CPU.Build.0 = Debug|Any CPU
		{61CA43C0-2491-497F-AE2C-50635B35FC20}.Release|Any CPU.ActiveCfg = Release|Any CPU
		{61CA43C0-2491-497F-AE2C-50635B35FC20}.Release|Any CPU.Build.0 = Release|Any CPU
		{B2A1203D-59BA-4C84-B383-D6E645277744}.Debug|Any CPU.ActiveCfg = Debug|Any CPU
		{B2A1203D-59BA-4C84-B383-D6E645277744}.Debug|Any CPU.Build.0 = Debug|Any CPU
		{B2A1203D-59BA-4C84-B383-D6E645277744}.Release|Any CPU.ActiveCfg = Release|Any CPU
		{B2A1203D-59BA-4C84-B383-D6E645277744}.Release|Any CPU.Build.0 = Release|Any CPU
		{C7FA2022-390C-4F99-94FF-52038132C55B}.Debug|Any CPU.ActiveCfg = Debug|Any CPU
		{C7FA2022-390C-4F99-94FF-52038132C55B}.Debug|Any CPU.Build.0 = Debug|Any CPU
		{C7FA2022-390C-4F99-94FF-52038132C55B}.Release|Any CPU.ActiveCfg = Release|Any CPU
		{C7FA2022-390C-4F99-94FF-52038132C55B}.Release|Any CPU.Build.0 = Release|Any CPU
		{48E8BABD-2E1C-4F59-AFF0-1CEC9684B528}.Debug|Any CPU.ActiveCfg = Debug|Any CPU
		{48E8BABD-2E1C-4F59-AFF0-1CEC9684B528}.Debug|Any CPU.Build.0 = Debug|Any CPU
		{48E8BABD-2E1C-4F59-AFF0-1CEC9684B528}.Release|Any CPU.ActiveCfg = Release|Any CPU
		{48E8BABD-2E1C-4F59-AFF0-1CEC9684B528}.Release|Any CPU.Build.0 = Release|Any CPU
		{43D72CED-65A0-4E44-BE1A-B370046A9884}.Debug|Any CPU.ActiveCfg = Debug|Any CPU
		{43D72CED-65A0-4E44-BE1A-B370046A9884}.Debug|Any CPU.Build.0 = Debug|Any CPU
		{43D72CED-65A0-4E44-BE1A-B370046A9884}.Release|Any CPU.ActiveCfg = Release|Any CPU
		{43D72CED-65A0-4E44-BE1A-B370046A9884}.Release|Any CPU.Build.0 = Release|Any CPU
		{1823D3E3-3C5B-421E-9FFA-35A2361B2DB2}.Debug|Any CPU.ActiveCfg = Debug|Any CPU
		{1823D3E3-3C5B-421E-9FFA-35A2361B2DB2}.Debug|Any CPU.Build.0 = Debug|Any CPU
		{1823D3E3-3C5B-421E-9FFA-35A2361B2DB2}.Release|Any CPU.ActiveCfg = Release|Any CPU
		{1823D3E3-3C5B-421E-9FFA-35A2361B2DB2}.Release|Any CPU.Build.0 = Release|Any CPU
		{638B827E-FAFF-4B6C-AC6F-94B02A1AFB6B}.Debug|Any CPU.ActiveCfg = Debug|Any CPU
		{638B827E-FAFF-4B6C-AC6F-94B02A1AFB6B}.Debug|Any CPU.Build.0 = Debug|Any CPU
		{638B827E-FAFF-4B6C-AC6F-94B02A1AFB6B}.Release|Any CPU.ActiveCfg = Release|Any CPU
		{638B827E-FAFF-4B6C-AC6F-94B02A1AFB6B}.Release|Any CPU.Build.0 = Release|Any CPU
		{72DA99AA-E228-4245-8AEF-381634B2E2EC}.Debug|Any CPU.ActiveCfg = Debug|Any CPU
		{72DA99AA-E228-4245-8AEF-381634B2E2EC}.Debug|Any CPU.Build.0 = Debug|Any CPU
		{72DA99AA-E228-4245-8AEF-381634B2E2EC}.Release|Any CPU.ActiveCfg = Release|Any CPU
		{72DA99AA-E228-4245-8AEF-381634B2E2EC}.Release|Any CPU.Build.0 = Release|Any CPU
		{9DE03A02-8D1E-48A0-A55B-6A8A694C7F1F}.Debug|Any CPU.ActiveCfg = Debug|Any CPU
		{9DE03A02-8D1E-48A0-A55B-6A8A694C7F1F}.Debug|Any CPU.Build.0 = Debug|Any CPU
		{9DE03A02-8D1E-48A0-A55B-6A8A694C7F1F}.Release|Any CPU.ActiveCfg = Release|Any CPU
		{9DE03A02-8D1E-48A0-A55B-6A8A694C7F1F}.Release|Any CPU.Build.0 = Release|Any CPU
		{EA383F7E-608E-4B13-A454-D6DC23CDD812}.Debug|Any CPU.ActiveCfg = Debug|Any CPU
		{EA383F7E-608E-4B13-A454-D6DC23CDD812}.Debug|Any CPU.Build.0 = Debug|Any CPU
		{EA383F7E-608E-4B13-A454-D6DC23CDD812}.Release|Any CPU.ActiveCfg = Release|Any CPU
		{EA383F7E-608E-4B13-A454-D6DC23CDD812}.Release|Any CPU.Build.0 = Release|Any CPU
		{4E0DF21C-4B4C-4B37-B1B1-51C86526CFAD}.Debug|Any CPU.ActiveCfg = Debug|Any CPU
		{4E0DF21C-4B4C-4B37-B1B1-51C86526CFAD}.Debug|Any CPU.Build.0 = Debug|Any CPU
		{4E0DF21C-4B4C-4B37-B1B1-51C86526CFAD}.Release|Any CPU.ActiveCfg = Release|Any CPU
		{4E0DF21C-4B4C-4B37-B1B1-51C86526CFAD}.Release|Any CPU.Build.0 = Release|Any CPU
		{F8093CD1-91BE-4ADD-8B84-D7C9CA839D39}.Debug|Any CPU.ActiveCfg = Debug|Any CPU
		{F8093CD1-91BE-4ADD-8B84-D7C9CA839D39}.Debug|Any CPU.Build.0 = Debug|Any CPU
		{F8093CD1-91BE-4ADD-8B84-D7C9CA839D39}.Release|Any CPU.ActiveCfg = Release|Any CPU
		{F8093CD1-91BE-4ADD-8B84-D7C9CA839D39}.Release|Any CPU.Build.0 = Release|Any CPU
		{C4472AE7-B8D9-4C54-ADF6-88ED91979E6A}.Debug|Any CPU.ActiveCfg = Debug|Any CPU
		{C4472AE7-B8D9-4C54-ADF6-88ED91979E6A}.Debug|Any CPU.Build.0 = Debug|Any CPU
		{C4472AE7-B8D9-4C54-ADF6-88ED91979E6A}.Release|Any CPU.ActiveCfg = Release|Any CPU
		{C4472AE7-B8D9-4C54-ADF6-88ED91979E6A}.Release|Any CPU.Build.0 = Release|Any CPU
		{6295658A-2988-4E2D-A7ED-73D4FFC2EB7A}.Debug|Any CPU.ActiveCfg = Debug|Any CPU
		{6295658A-2988-4E2D-A7ED-73D4FFC2EB7A}.Debug|Any CPU.Build.0 = Debug|Any CPU
		{6295658A-2988-4E2D-A7ED-73D4FFC2EB7A}.Release|Any CPU.ActiveCfg = Release|Any CPU
		{6295658A-2988-4E2D-A7ED-73D4FFC2EB7A}.Release|Any CPU.Build.0 = Release|Any CPU
		{B2E9B1E7-7D42-4BE7-A40F-CEAC6B5D399E}.Debug|Any CPU.ActiveCfg = Debug|Any CPU
		{B2E9B1E7-7D42-4BE7-A40F-CEAC6B5D399E}.Debug|Any CPU.Build.0 = Debug|Any CPU
		{B2E9B1E7-7D42-4BE7-A40F-CEAC6B5D399E}.Release|Any CPU.ActiveCfg = Release|Any CPU
		{B2E9B1E7-7D42-4BE7-A40F-CEAC6B5D399E}.Release|Any CPU.Build.0 = Release|Any CPU
		{F20EF000-AE7A-447F-BDA4-FF8C61BBBCEC}.Debug|Any CPU.ActiveCfg = Debug|Any CPU
		{F20EF000-AE7A-447F-BDA4-FF8C61BBBCEC}.Debug|Any CPU.Build.0 = Debug|Any CPU
		{F20EF000-AE7A-447F-BDA4-FF8C61BBBCEC}.Release|Any CPU.ActiveCfg = Release|Any CPU
		{F20EF000-AE7A-447F-BDA4-FF8C61BBBCEC}.Release|Any CPU.Build.0 = Release|Any CPU
		{AABE174E-1FD3-4D35-92AF-2F85DDDB8584}.Debug|Any CPU.ActiveCfg = Debug|Any CPU
		{AABE174E-1FD3-4D35-92AF-2F85DDDB8584}.Debug|Any CPU.Build.0 = Debug|Any CPU
		{AABE174E-1FD3-4D35-92AF-2F85DDDB8584}.Release|Any CPU.ActiveCfg = Release|Any CPU
		{AABE174E-1FD3-4D35-92AF-2F85DDDB8584}.Release|Any CPU.Build.0 = Release|Any CPU
		{54CA1BC1-65A3-45C6-BF32-975314FCB1FB}.Debug|Any CPU.ActiveCfg = Debug|Any CPU
		{54CA1BC1-65A3-45C6-BF32-975314FCB1FB}.Debug|Any CPU.Build.0 = Debug|Any CPU
		{54CA1BC1-65A3-45C6-BF32-975314FCB1FB}.Release|Any CPU.ActiveCfg = Release|Any CPU
		{54CA1BC1-65A3-45C6-BF32-975314FCB1FB}.Release|Any CPU.Build.0 = Release|Any CPU
		{8D977D34-43F7-49C8-A233-C1F9CF8E3CA2}.Debug|Any CPU.ActiveCfg = Debug|Any CPU
		{8D977D34-43F7-49C8-A233-C1F9CF8E3CA2}.Debug|Any CPU.Build.0 = Debug|Any CPU
		{8D977D34-43F7-49C8-A233-C1F9CF8E3CA2}.Release|Any CPU.ActiveCfg = Release|Any CPU
		{8D977D34-43F7-49C8-A233-C1F9CF8E3CA2}.Release|Any CPU.Build.0 = Release|Any CPU
	EndGlobalSection
	GlobalSection(SolutionProperties) = preSolution
		HideSolutionNode = FALSE
	EndGlobalSection
	GlobalSection(ExtensibilityGlobals) = postSolution
		SolutionGuid = {C89C40D3-7B56-434F-943A-A6B3A1FD8B89}
	EndGlobalSection
EndGlobal
